
Microsoft Visual Studio Solution File, Format Version 12.00
# Visual Studio 14
VisualStudioVersion = 14.0.25420.1
MinimumVisualStudioVersion = 10.0.40219.1
Project("{FAE04EC0-301F-11D3-BF4B-00C04F79EFBC}") = "HelloWorld", "HelloWorld\HelloWorld.csproj", "{8A3CFD15-C163-4564-90D3-2201E3024CEA}"
EndProject
Project("{FAE04EC0-301F-11D3-BF4B-00C04F79EFBC}") = "HelloWorld.Tests", "HelloWorld.Tests\HelloWorld.Tests.csproj", "{21B0992D-97C0-404B-9B92-A7D5188E11A9}"
EndProject
Global
	GlobalSection(SolutionConfigurationPlatforms) = preSolution
		Debug|Any CPU = Debug|Any CPU
		Release|Any CPU = Release|Any CPU
	EndGlobalSection
	GlobalSection(ProjectConfigurationPlatforms) = postSolution
		{8A3CFD15-C163-4564-90D3-2201E3024CEA}.Debug|Any CPU.ActiveCfg = Debug|Any CPU
		{8A3CFD15-C163-4564-90D3-2201E3024CEA}.Debug|Any CPU.Build.0 = Debug|Any CPU
		{8A3CFD15-C163-4564-90D3-2201E3024CEA}.Release|Any CPU.ActiveCfg = Release|Any CPU
		{8A3CFD15-C163-4564-90D3-2201E3024CEA}.Release|Any CPU.Build.0 = Release|Any CPU
		{21B0992D-97C0-404B-9B92-A7D5188E11A9}.Debug|Any CPU.ActiveCfg = Debug|Any CPU
		{21B0992D-97C0-404B-9B92-A7D5188E11A9}.Debug|Any CPU.Build.0 = Debug|Any CPU
		{21B0992D-97C0-404B-9B92-A7D5188E11A9}.Release|Any CPU.ActiveCfg = Release|Any CPU
		{21B0992D-97C0-404B-9B92-A7D5188E11A9}.Release|Any CPU.Build.0 = Release|Any CPU
	EndGlobalSection
	GlobalSection(SolutionProperties) = preSolution
		HideSolutionNode = FALSE
	EndGlobalSection
EndGlobal
